{
  "object": {
    "pins": [
      {
        "package": "URLImage",
        "repositoryURL": "https://github.com/dmytro-anokhin/url-image",
        "state": {
          "branch": null,
          "revision": "7ff0e0e22fa9d0e293db312cb740718c377336dd",
          "version": "2.1.13"
        }
      }
    ]
  },
  "version": 1
}
